
Microsoft Visual Studio Solution File, Format Version 12.00
# Visual Studio Version 16
VisualStudioVersion = 16.0.31729.503
MinimumVisualStudioVersion = 10.0.40219.1
Project("{FAE04EC0-301F-11D3-BF4B-00C04F79EFBC}") = "VaccinationAssignment", "VaccinationAssignment.csproj", "{F9DA2AEC-4696-405A-A0C7-8581971A7B5C}"
EndProject
Global
	GlobalSection(SolutionConfigurationPlatforms) = preSolution
		Debug|Any CPU = Debug|Any CPU
		Release|Any CPU = Release|Any CPU
	EndGlobalSection
	GlobalSection(ProjectConfigurationPlatforms) = postSolution
		{F9DA2AEC-4696-405A-A0C7-8581971A7B5C}.Debug|Any CPU.ActiveCfg = Debug|Any CPU
		{F9DA2AEC-4696-405A-A0C7-8581971A7B5C}.Debug|Any CPU.Build.0 = Debug|Any CPU
		{F9DA2AEC-4696-405A-A0C7-8581971A7B5C}.Release|Any CPU.ActiveCfg = Release|Any CPU
		{F9DA2AEC-4696-405A-A0C7-8581971A7B5C}.Release|Any CPU.Build.0 = Release|Any CPU
	EndGlobalSection
	GlobalSection(SolutionProperties) = preSolution
		HideSolutionNode = FALSE
	EndGlobalSection
	GlobalSection(ExtensibilityGlobals) = postSolution
		SolutionGuid = {079D23B5-0D0E-486B-86F3-9D91C39F5500}
	EndGlobalSection
EndGlobal
